
Microsoft Visual Studio Solution File, Format Version 12.00
# Visual Studio 15
VisualStudioVersion = 15.0.28307.421
MinimumVisualStudioVersion = 10.0.40219.1
Project("{9A19103F-16F7-4668-BE54-9A1E7A4F7556}") = "Depict.Test", "Depict.Test\Depict.Test.csproj", "{87F9ABEC-0A06-4AAC-A52A-385777506643}"
EndProject
Project("{9A19103F-16F7-4668-BE54-9A1E7A4F7556}") = "Depict.Api", "Depict.Api\Depict.Api.csproj", "{FC7C5391-A840-4C38-A9BA-2CBDA12C6E26}"
EndProject
Project("{FAE04EC0-301F-11D3-BF4B-00C04F79EFBC}") = "Depict.Core", "Depict.Core\Depict.Core.csproj", "{73CCB696-A0B1-4477-A8B0-C74FA433AB5F}"
EndProject
Global
	GlobalSection(SolutionConfigurationPlatforms) = preSolution
		Debug|Any CPU = Debug|Any CPU
		Debug|x64 = Debug|x64
		Release|Any CPU = Release|Any CPU
		Release|x64 = Release|x64
	EndGlobalSection
	GlobalSection(ProjectConfigurationPlatforms) = postSolution
		{87F9ABEC-0A06-4AAC-A52A-385777506643}.Debug|Any CPU.ActiveCfg = Debug|Any CPU
		{87F9ABEC-0A06-4AAC-A52A-385777506643}.Debug|Any CPU.Build.0 = Debug|Any CPU
		{87F9ABEC-0A06-4AAC-A52A-385777506643}.Debug|x64.ActiveCfg = Debug|Any CPU
		{87F9ABEC-0A06-4AAC-A52A-385777506643}.Debug|x64.Build.0 = Debug|Any CPU
		{87F9ABEC-0A06-4AAC-A52A-385777506643}.Release|Any CPU.ActiveCfg = Release|Any CPU
		{87F9ABEC-0A06-4AAC-A52A-385777506643}.Release|Any CPU.Build.0 = Release|Any CPU
		{87F9ABEC-0A06-4AAC-A52A-385777506643}.Release|x64.ActiveCfg = Release|Any CPU
		{87F9ABEC-0A06-4AAC-A52A-385777506643}.Release|x64.Build.0 = Release|Any CPU
		{FC7C5391-A840-4C38-A9BA-2CBDA12C6E26}.Debug|Any CPU.ActiveCfg = Debug|Any CPU
		{FC7C5391-A840-4C38-A9BA-2CBDA12C6E26}.Debug|Any CPU.Build.0 = Debug|Any CPU
		{FC7C5391-A840-4C38-A9BA-2CBDA12C6E26}.Debug|x64.ActiveCfg = Debug|Any CPU
		{FC7C5391-A840-4C38-A9BA-2CBDA12C6E26}.Debug|x64.Build.0 = Debug|Any CPU
		{FC7C5391-A840-4C38-A9BA-2CBDA12C6E26}.Release|Any CPU.ActiveCfg = Release|Any CPU
		{FC7C5391-A840-4C38-A9BA-2CBDA12C6E26}.Release|Any CPU.Build.0 = Release|Any CPU
		{FC7C5391-A840-4C38-A9BA-2CBDA12C6E26}.Release|x64.ActiveCfg = Release|Any CPU
		{FC7C5391-A840-4C38-A9BA-2CBDA12C6E26}.Release|x64.Build.0 = Release|Any CPU
		{73CCB696-A0B1-4477-A8B0-C74FA433AB5F}.Debug|Any CPU.ActiveCfg = Debug|Any CPU
		{73CCB696-A0B1-4477-A8B0-C74FA433AB5F}.Debug|Any CPU.Build.0 = Debug|Any CPU
		{73CCB696-A0B1-4477-A8B0-C74FA433AB5F}.Debug|x64.ActiveCfg = Debug|Any CPU
		{73CCB696-A0B1-4477-A8B0-C74FA433AB5F}.Debug|x64.Build.0 = Debug|Any CPU
		{73CCB696-A0B1-4477-A8B0-C74FA433AB5F}.Release|Any CPU.ActiveCfg = Release|Any CPU
		{73CCB696-A0B1-4477-A8B0-C74FA433AB5F}.Release|Any CPU.Build.0 = Release|Any CPU
		{73CCB696-A0B1-4477-A8B0-C74FA433AB5F}.Release|x64.ActiveCfg = Release|Any CPU
		{73CCB696-A0B1-4477-A8B0-C74FA433AB5F}.Release|x64.Build.0 = Release|Any CPU
	EndGlobalSection
	GlobalSection(SolutionProperties) = preSolution
		HideSolutionNode = FALSE
	EndGlobalSection
	GlobalSection(ExtensibilityGlobals) = postSolution
		SolutionGuid = {72FA4F6A-30C8-4705-91CB-857D22039101}
	EndGlobalSection
EndGlobal
